
Microsoft Visual Studio Solution File, Format Version 12.00
# Visual Studio Version 17
VisualStudioVersion = 17.4.33213.308
MinimumVisualStudioVersion = 10.0.40219.1
Project("{FAE04EC0-301F-11D3-BF4B-00C04F79EFBC}") = "PuzzleMania", "PuzzleMania\PuzzleMania.csproj", "{07F8794F-7AE3-48F8-A877-672878EC393A}"
EndProject
Global
	GlobalSection(SolutionConfigurationPlatforms) = preSolution
		Debug|Any CPU = Debug|Any CPU
		Release|Any CPU = Release|Any CPU
	EndGlobalSection
	GlobalSection(ProjectConfigurationPlatforms) = postSolution
		{07F8794F-7AE3-48F8-A877-672878EC393A}.Debug|Any CPU.ActiveCfg = Debug|Any CPU
		{07F8794F-7AE3-48F8-A877-672878EC393A}.Debug|Any CPU.Build.0 = Debug|Any CPU
		{07F8794F-7AE3-48F8-A877-672878EC393A}.Release|Any CPU.ActiveCfg = Release|Any CPU
		{07F8794F-7AE3-48F8-A877-672878EC393A}.Release|Any CPU.Build.0 = Release|Any CPU
	EndGlobalSection
	GlobalSection(SolutionProperties) = preSolution
		HideSolutionNode = FALSE
	EndGlobalSection
	GlobalSection(ExtensibilityGlobals) = postSolution
		SolutionGuid = {A2239CBE-819E-4C46-BCE5-8D6AC85E5DE8}
	EndGlobalSection
EndGlobal
